// !$*UTF8*$!
{
	archiveVersion = 1;
	classes = {
	};
	objectVersion = 56;
	objects = {

/* Begin PBXBuildFile section */
		671EA4A4295777CC00D615A5 /* PresentationListView.swift in Sources */ = {isa = PBXBuildFile; fileRef = 671EA4A3295777CC00D615A5 /* PresentationListView.swift */; };
		671EA4A62957AB3500D615A5 /* AddPresentationView.swift in Sources */ = {isa = PBXBuildFile; fileRef = 671EA4A52957AB3500D615A5 /* AddPresentationView.swift */; };
		671EA4A82957ABDB00D615A5 /* PresentationListViewModel.swift in Sources */ = {isa = PBXBuildFile; fileRef = 671EA4A72957ABDB00D615A5 /* PresentationListViewModel.swift */; };
		6722B33228BFBFDD002E9B7D /* PresentationTimerApp.swift in Sources */ = {isa = PBXBuildFile; fileRef = 6722B33128BFBFDD002E9B7D /* PresentationTimerApp.swift */; };
		6722B33428BFBFDD002E9B7D /* ContentView.swift in Sources */ = {isa = PBXBuildFile; fileRef = 6722B33328BFBFDD002E9B7D /* ContentView.swift */; };
		6722B33628BFBFDE002E9B7D /* Assets.xcassets in Resources */ = {isa = PBXBuildFile; fileRef = 6722B33528BFBFDE002E9B7D /* Assets.xcassets */; };
		6722B33928BFBFDE002E9B7D /* Preview Assets.xcassets in Resources */ = {isa = PBXBuildFile; fileRef = 6722B33828BFBFDE002E9B7D /* Preview Assets.xcassets */; };
		6722B34028BFC5E2002E9B7D /* StopwatchManager.swift in Sources */ = {isa = PBXBuildFile; fileRef = 6722B33F28BFC5E2002E9B7D /* StopwatchManager.swift */; };
		6722B34228C123DC002E9B7D /* CircleProgressView.swift in Sources */ = {isa = PBXBuildFile; fileRef = 6722B34128C123DC002E9B7D /* CircleProgressView.swift */; };
		676B07C52AAD4B0F00186C4D /* Realm in Frameworks */ = {isa = PBXBuildFile; productRef = 676B07C42AAD4B0F00186C4D /* Realm */; };
		676B07C72AAD4B0F00186C4D /* RealmSwift in Frameworks */ = {isa = PBXBuildFile; productRef = 676B07C62AAD4B0F00186C4D /* RealmSwift */; };
		67A3FA74290ACA0F00774EB6 /* ScheduleView.swift in Sources */ = {isa = PBXBuildFile; fileRef = 67A3FA73290ACA0F00774EB6 /* ScheduleView.swift */; };
		67FF2B4B28C1288500C16A63 /* Schedule.swift in Sources */ = {isa = PBXBuildFile; fileRef = 67FF2B4A28C1288500C16A63 /* Schedule.swift */; };
/* End PBXBuildFile section */

/* Begin PBXFileReference section */
		671EA4A3295777CC00D615A5 /* PresentationListView.swift */ = {isa = PBXFileReference; lastKnownFileType = sourcecode.swift; path = PresentationListView.swift; sourceTree = "<group>"; };
		671EA4A52957AB3500D615A5 /* AddPresentationView.swift */ = {isa = PBXFileReference; lastKnownFileType = sourcecode.swift; path = AddPresentationView.swift; sourceTree = "<group>"; };
		671EA4A72957ABDB00D615A5 /* PresentationListViewModel.swift */ = {isa = PBXFileReference; lastKnownFileType = sourcecode.swift; path = PresentationListViewModel.swift; sourceTree = "<group>"; };
		6722B32E28BFBFDD002E9B7D /* PresentationTimer.app */ = {isa = PBXFileReference; explicitFileType = wrapper.application; includeInIndex = 0; path = PresentationTimer.app; sourceTree = BUILT_PRODUCTS_DIR; };
		6722B33128BFBFDD002E9B7D /* PresentationTimerApp.swift */ = {isa = PBXFileReference; lastKnownFileType = sourcecode.swift; path = PresentationTimerApp.swift; sourceTree = "<group>"; };
		6722B33328BFBFDD002E9B7D /* ContentView.swift */ = {isa = PBXFileReference; lastKnownFileType = sourcecode.swift; path = ContentView.swift; sourceTree = "<group>"; };
		6722B33528BFBFDE002E9B7D /* Assets.xcassets */ = {isa = PBXFileReference; lastKnownFileType = folder.assetcatalog; path = Assets.xcassets; sourceTree = "<group>"; };
		6722B33828BFBFDE002E9B7D /* Preview Assets.xcassets */ = {isa = PBXFileReference; lastKnownFileType = folder.assetcatalog; path = "Preview Assets.xcassets"; sourceTree = "<group>"; };
		6722B33F28BFC5E2002E9B7D /* StopwatchManager.swift */ = {isa = PBXFileReference; lastKnownFileType = sourcecode.swift; path = StopwatchManager.swift; sourceTree = "<group>"; };
		6722B34128C123DC002E9B7D /* CircleProgressView.swift */ = {isa = PBXFileReference; lastKnownFileType = sourcecode.swift; path = CircleProgressView.swift; sourceTree = "<group>"; };
		67A3FA73290ACA0F00774EB6 /* ScheduleView.swift */ = {isa = PBXFileReference; lastKnownFileType = sourcecode.swift; path = ScheduleView.swift; sourceTree = "<group>"; };
		67FF2B4A28C1288500C16A63 /* Schedule.swift */ = {isa = PBXFileReference; lastKnownFileType = sourcecode.swift; path = Schedule.swift; sourceTree = "<group>"; };
/* End PBXFileReference section */

/* Begin PBXFrameworksBuildPhase section */
		6722B32B28BFBFDD002E9B7D /* Frameworks */ = {
			isa = PBXFrameworksBuildPhase;
			buildActionMask = 2147483647;
			files = (
				676B07C72AAD4B0F00186C4D /* RealmSwift in Frameworks */,
				676B07C52AAD4B0F00186C4D /* Realm in Frameworks */,
			);
			runOnlyForDeploymentPostprocessing = 0;
		};
/* End PBXFrameworksBuildPhase section */

/* Begin PBXGroup section */
		671EA4A92957B79F00D615A5 /* View */ = {
			isa = PBXGroup;
			children = (
				6722B33328BFBFDD002E9B7D /* ContentView.swift */,
				671EA4A3295777CC00D615A5 /* PresentationListView.swift */,
				671EA4A52957AB3500D615A5 /* AddPresentationView.swift */,
				67A3FA73290ACA0F00774EB6 /* ScheduleView.swift */,
			);
			path = View;
			sourceTree = "<group>";
		};
		671EA4AA2957B7B400D615A5 /* ViewModel */ = {
			isa = PBXGroup;
			children = (
				671EA4A72957ABDB00D615A5 /* PresentationListViewModel.swift */,
			);
			path = ViewModel;
			sourceTree = "<group>";
		};
		671EA4AB2957B7C200D615A5 /* Model */ = {
			isa = PBXGroup;
			children = (
			);
			path = Model;
			sourceTree = "<group>";
		};
		6722B32528BFBFDD002E9B7D = {
			isa = PBXGroup;
			children = (
				6722B33028BFBFDD002E9B7D /* PresentationTimer */,
				6722B32F28BFBFDD002E9B7D /* Products */,
				C8B380F22FF4876C467DE779 /* Pods */,
			);
			sourceTree = "<group>";
		};
		6722B32F28BFBFDD002E9B7D /* Products */ = {
			isa = PBXGroup;
			children = (
				6722B32E28BFBFDD002E9B7D /* PresentationTimer.app */,
			);
			name = Products;
			sourceTree = "<group>";
		};
		6722B33028BFBFDD002E9B7D /* PresentationTimer */ = {
			isa = PBXGroup;
			children = (
				6722B33128BFBFDD002E9B7D /* PresentationTimerApp.swift */,
				671EA4A92957B79F00D615A5 /* View */,
				671EA4AA2957B7B400D615A5 /* ViewModel */,
				67FF2B4A28C1288500C16A63 /* Schedule.swift */,
				671EA4AB2957B7C200D615A5 /* Model */,
				6722B34128C123DC002E9B7D /* CircleProgressView.swift */,
				6722B33F28BFC5E2002E9B7D /* StopwatchManager.swift */,
				6722B33528BFBFDE002E9B7D /* Assets.xcassets */,
				6722B33728BFBFDE002E9B7D /* Preview Content */,
			);
			path = PresentationTimer;
			sourceTree = "<group>";
		};
		6722B33728BFBFDE002E9B7D /* Preview Content */ = {
			isa = PBXGroup;
			children = (
				6722B33828BFBFDE002E9B7D /* Preview Assets.xcassets */,
			);
			path = "Preview Content";
			sourceTree = "<group>";
		};
		C8B380F22FF4876C467DE779 /* Pods */ = {
			isa = PBXGroup;
			children = (
			);
			path = Pods;
			sourceTree = "<group>";
		};
/* End PBXGroup section */

/* Begin PBXNativeTarget section */
		6722B32D28BFBFDD002E9B7D /* PresentationTimer */ = {
			isa = PBXNativeTarget;
			buildConfigurationList = 6722B33C28BFBFDE002E9B7D /* Build configuration list for PBXNativeTarget "PresentationTimer" */;
			buildPhases = (
				6722B32A28BFBFDD002E9B7D /* Sources */,
				6722B32B28BFBFDD002E9B7D /* Frameworks */,
				6722B32C28BFBFDD002E9B7D /* Resources */,
			);
			buildRules = (
			);
			dependencies = (
			);
			name = PresentationTimer;
			packageProductDependencies = (
				676B07C42AAD4B0F00186C4D /* Realm */,
				676B07C62AAD4B0F00186C4D /* RealmSwift */,
			);
			productName = PresentationTimer;
			productReference = 6722B32E28BFBFDD002E9B7D /* PresentationTimer.app */;
			productType = "com.apple.product-type.application";
		};
/* End PBXNativeTarget section */

/* Begin PBXProject section */
		6722B32628BFBFDD002E9B7D /* Project object */ = {
			isa = PBXProject;
			attributes = {
				BuildIndependentTargetsInParallel = 1;
				LastSwiftUpdateCheck = 1400;
				LastUpgradeCheck = 1400;
				TargetAttributes = {
					6722B32D28BFBFDD002E9B7D = {
						CreatedOnToolsVersion = 14.0;
					};
				};
			};
			buildConfigurationList = 6722B32928BFBFDD002E9B7D /* Build configuration list for PBXProject "PresentationTimer" */;
			compatibilityVersion = "Xcode 14.0";
			developmentRegion = en;
			hasScannedForEncodings = 0;
			knownRegions = (
				en,
				Base,
			);
			mainGroup = 6722B32528BFBFDD002E9B7D;
			packageReferences = (
				676B07C32AAD4B0F00186C4D /* XCRemoteSwiftPackageReference "realm-swift.git" */,
			);
			productRefGroup = 6722B32F28BFBFDD002E9B7D /* Products */;
			projectDirPath = "";
			projectRoot = "";
			targets = (
				6722B32D28BFBFDD002E9B7D /* PresentationTimer */,
			);
		};
/* End PBXProject section */

/* Begin PBXResourcesBuildPhase section */
		6722B32C28BFBFDD002E9B7D /* Resources */ = {
			isa = PBXResourcesBuildPhase;
			buildActionMask = 2147483647;
			files = (
				6722B33928BFBFDE002E9B7D /* Preview Assets.xcassets in Resources */,
				6722B33628BFBFDE002E9B7D /* Assets.xcassets in Resources */,
			);
			runOnlyForDeploymentPostprocessing = 0;
		};
/* End PBXResourcesBuildPhase section */

/* Begin PBXSourcesBuildPhase section */
		6722B32A28BFBFDD002E9B7D /* Sources */ = {
			isa = PBXSourcesBuildPhase;
			buildActionMask = 2147483647;
			files = (
				6722B33428BFBFDD002E9B7D /* ContentView.swift in Sources */,
				6722B34228C123DC002E9B7D /* CircleProgressView.swift in Sources */,
				671EA4A4295777CC00D615A5 /* PresentationListView.swift in Sources */,
				6722B33228BFBFDD002E9B7D /* PresentationTimerApp.swift in Sources */,
				671EA4A62957AB3500D615A5 /* AddPresentationView.swift in Sources */,
				67A3FA74290ACA0F00774EB6 /* ScheduleView.swift in Sources */,
				67FF2B4B28C1288500C16A63 /* Schedule.swift in Sources */,
				6722B34028BFC5E2002E9B7D /* StopwatchManager.swift in Sources */,
				671EA4A82957ABDB00D615A5 /* PresentationListViewModel.swift in Sources */,
			);
			runOnlyForDeploymentPostprocessing = 0;
		};
/* End PBXSourcesBuildPhase section */

/* Begin XCBuildConfiguration section */
		6722B33A28BFBFDE002E9B7D /* Debug */ = {
			isa = XCBuildConfiguration;
			buildSettings = {
				ALWAYS_SEARCH_USER_PATHS = NO;
				CLANG_ANALYZER_NONNULL = YES;
				CLANG_ANALYZER_NUMBER_OBJECT_CONVERSION = YES_AGGRESSIVE;
				CLANG_CXX_LANGUAGE_STANDARD = "gnu++17";
				CLANG_ENABLE_MODULES = YES;
				CLANG_ENABLE_OBJC_ARC = YES;
				CLANG_ENABLE_OBJC_WEAK = YES;
				CLANG_WARN_BLOCK_CAPTURE_AUTORELEASING = YES;
				CLANG_WARN_BOOL_CONVERSION = YES;
				CLANG_WARN_COMMA = YES;
				CLANG_WARN_CONSTANT_CONVERSION = YES;
				CLANG_WARN_DEPRECATED_OBJC_IMPLEMENTATIONS = YES;
				CLANG_WARN_DIRECT_OBJC_ISA_USAGE = YES_ERROR;
				CLANG_WARN_DOCUMENTATION_COMMENTS = YES;
				CLANG_WARN_EMPTY_BODY = YES;
				CLANG_WARN_ENUM_CONVERSION = YES;
				CLANG_WARN_INFINITE_RECURSION = YES;
				CLANG_WARN_INT_CONVERSION = YES;
				CLANG_WARN_NON_LITERAL_NULL_CONVERSION = YES;
				CLANG_WARN_OBJC_IMPLICIT_RETAIN_SELF = YES;
				CLANG_WARN_OBJC_LITERAL_CONVERSION = YES;
				CLANG_WARN_OBJC_ROOT_CLASS = YES_ERROR;
				CLANG_WARN_QUOTED_INCLUDE_IN_FRAMEWORK_HEADER = YES;
				CLANG_WARN_RANGE_LOOP_ANALYSIS = YES;
				CLANG_WARN_STRICT_PROTOTYPES = YES;
				CLANG_WARN_SUSPICIOUS_MOVE = YES;
				CLANG_WARN_UNGUARDED_AVAILABILITY = YES_AGGRESSIVE;
				CLANG_WARN_UNREACHABLE_CODE = YES;
				CLANG_WARN__DUPLICATE_METHOD_MATCH = YES;
				COPY_PHASE_STRIP = NO;
				DEBUG_INFORMATION_FORMAT = dwarf;
				ENABLE_STRICT_OBJC_MSGSEND = YES;
				ENABLE_TESTABILITY = YES;
				GCC_C_LANGUAGE_STANDARD = gnu11;
				GCC_DYNAMIC_NO_PIC = NO;
				GCC_NO_COMMON_BLOCKS = YES;
				GCC_OPTIMIZATION_LEVEL = 0;
				GCC_PREPROCESSOR_DEFINITIONS = (
					"DEBUG=1",
					"$(inherited)",
				);
				GCC_WARN_64_TO_32_BIT_CONVERSION = YES;
				GCC_WARN_ABOUT_RETURN_TYPE = YES_ERROR;
				GCC_WARN_UNDECLARED_SELECTOR = YES;
				GCC_WARN_UNINITIALIZED_AUTOS = YES_AGGRESSIVE;
				GCC_WARN_UNUSED_FUNCTION = YES;
				GCC_WARN_UNUSED_VARIABLE = YES;
				IPHONEOS_DEPLOYMENT_TARGET = 16.0;
				MTL_ENABLE_DEBUG_INFO = INCLUDE_SOURCE;
				MTL_FAST_MATH = YES;
				ONLY_ACTIVE_ARCH = YES;
				SDKROOT = iphoneos;
				SWIFT_ACTIVE_COMPILATION_CONDITIONS = DEBUG;
				SWIFT_OPTIMIZATION_LEVEL = "-Onone";
			};
			name = Debug;
		};
		6722B33B28BFBFDE002E9B7D /* Release */ = {
			isa = XCBuildConfiguration;
			buildSettings = {
				ALWAYS_SEARCH_USER_PATHS = NO;
				CLANG_ANALYZER_NONNULL = YES;
				CLANG_ANALYZER_NUMBER_OBJECT_CONVERSION = YES_AGGRESSIVE;
				CLANG_CXX_LANGUAGE_STANDARD = "gnu++17";
				CLANG_ENABLE_MODULES = YES;
				CLANG_ENABLE_OBJC_ARC = YES;
				CLANG_ENABLE_OBJC_WEAK = YES;
				CLANG_WARN_BLOCK_CAPTURE_AUTORELEASING = YES;
				CLANG_WARN_BOOL_CONVERSION = YES;
				CLANG_WARN_COMMA = YES;
				CLANG_WARN_CONSTANT_CONVERSION = YES;
				CLANG_WARN_DEPRECATED_OBJC_IMPLEMENTATIONS = YES;
				CLANG_WARN_DIRECT_OBJC_ISA_USAGE = YES_ERROR;
				CLANG_WARN_DOCUMENTATION_COMMENTS = YES;
				CLANG_WARN_EMPTY_BODY = YES;
				CLANG_WARN_ENUM_CONVERSION = YES;
				CLANG_WARN_INFINITE_RECURSION = YES;
				CLANG_WARN_INT_CONVERSION = YES;
				CLANG_WARN_NON_LITERAL_NULL_CONVERSION = YES;
				CLANG_WARN_OBJC_IMPLICIT_RETAIN_SELF = YES;
				CLANG_WARN_OBJC_LITERAL_CONVERSION = YES;
				CLANG_WARN_OBJC_ROOT_CLASS = YES_ERROR;
				CLANG_WARN_QUOTED_INCLUDE_IN_FRAMEWORK_HEADER = YES;
				CLANG_WARN_RANGE_LOOP_ANALYSIS = YES;
				CLANG_WARN_STRICT_PROTOTYPES = YES;
				CLANG_WARN_SUSPICIOUS_MOVE = YES;
				CLANG_WARN_UNGUARDED_AVAILABILITY = YES_AGGRESSIVE;
				CLANG_WARN_UNREACHABLE_CODE = YES;
				CLANG_WARN__DUPLICATE_METHOD_MATCH = YES;
				COPY_PHASE_STRIP = NO;
				DEBUG_INFORMATION_FORMAT = "dwarf-with-dsym";
				ENABLE_NS_ASSERTIONS = NO;
				ENABLE_STRICT_OBJC_MSGSEND = YES;
				GCC_C_LANGUAGE_STANDARD = gnu11;
				GCC_NO_COMMON_BLOCKS = YES;
				GCC_WARN_64_TO_32_BIT_CONVERSION = YES;
				GCC_WARN_ABOUT_RETURN_TYPE = YES_ERROR;
				GCC_WARN_UNDECLARED_SELECTOR = YES;
				GCC_WARN_UNINITIALIZED_AUTOS = YES_AGGRESSIVE;
				GCC_WARN_UNUSED_FUNCTION = YES;
				GCC_WARN_UNUSED_VARIABLE = YES;
				IPHONEOS_DEPLOYMENT_TARGET = 16.0;
				MTL_ENABLE_DEBUG_INFO = NO;
				MTL_FAST_MATH = YES;
				SDKROOT = iphoneos;
				SWIFT_COMPILATION_MODE = wholemodule;
				SWIFT_OPTIMIZATION_LEVEL = "-O";
				VALIDATE_PRODUCT = YES;
			};
			name = Release;
		};
		6722B33D28BFBFDE002E9B7D /* Debug */ = {
			isa = XCBuildConfiguration;
			buildSettings = {
				ASSETCATALOG_COMPILER_APPICON_NAME = AppIcon;
				ASSETCATALOG_COMPILER_GLOBAL_ACCENT_COLOR_NAME = AccentColor;
				CODE_SIGN_STYLE = Automatic;
				CURRENT_PROJECT_VERSION = 1;
				DEVELOPMENT_ASSET_PATHS = "\"PresentationTimer/Preview Content\"";
				DEVELOPMENT_TEAM = R3SP44446X;
				ENABLE_PREVIEWS = YES;
				GENERATE_INFOPLIST_FILE = YES;
				INFOPLIST_KEY_CFBundleDisplayName = "Presentation Timer";
				INFOPLIST_KEY_LSApplicationCategoryType = "public.app-category.utilities";
				INFOPLIST_KEY_UIApplicationSceneManifest_Generation = YES;
				INFOPLIST_KEY_UIApplicationSupportsIndirectInputEvents = YES;
				INFOPLIST_KEY_UILaunchScreen_Generation = YES;
				INFOPLIST_KEY_UISupportedInterfaceOrientations_iPad = "UIInterfaceOrientationPortrait UIInterfaceOrientationPortraitUpsideDown UIInterfaceOrientationLandscapeLeft UIInterfaceOrientationLandscapeRight";
				INFOPLIST_KEY_UISupportedInterfaceOrientations_iPhone = "UIInterfaceOrientationPortrait UIInterfaceOrientationLandscapeLeft UIInterfaceOrientationLandscapeRight";
				LD_RUNPATH_SEARCH_PATHS = (
					"$(inherited)",
					"@executable_path/Frameworks",
				);
				MARKETING_VERSION = 1.0;
				PRODUCT_BUNDLE_IDENTIFIER = com.yiwashita.PresentationTimer;
				PRODUCT_NAME = "$(TARGET_NAME)";
				SWIFT_EMIT_LOC_STRINGS = YES;
				SWIFT_VERSION = 5.0;
				TARGETED_DEVICE_FAMILY = "1,2";
			};
			name = Debug;
		};
		6722B33E28BFBFDE002E9B7D /* Release */ = {
			isa = XCBuildConfiguration;
			buildSettings = {
				ASSETCATALOG_COMPILER_APPICON_NAME = AppIcon;
				ASSETCATALOG_COMPILER_GLOBAL_ACCENT_COLOR_NAME = AccentColor;
				CODE_SIGN_STYLE = Automatic;
				CURRENT_PROJECT_VERSION = 1;
				DEVELOPMENT_ASSET_PATHS = "\"PresentationTimer/Preview Content\"";
				DEVELOPMENT_TEAM = R3SP44446X;
				ENABLE_PREVIEWS = YES;
				GENERATE_INFOPLIST_FILE = YES;
				INFOPLIST_KEY_CFBundleDisplayName = "Presentation Timer";
				INFOPLIST_KEY_LSApplicationCategoryType = "public.app-category.utilities";
				INFOPLIST_KEY_UIApplicationSceneManifest_Generation = YES;
				INFOPLIST_KEY_UIApplicationSupportsIndirectInputEvents = YES;
				INFOPLIST_KEY_UILaunchScreen_Generation = YES;
				INFOPLIST_KEY_UISupportedInterfaceOrientations_iPad = "UIInterfaceOrientationPortrait UIInterfaceOrientationPortraitUpsideDown UIInterfaceOrientationLandscapeLeft UIInterfaceOrientationLandscapeRight";
				INFOPLIST_KEY_UISupportedInterfaceOrientations_iPhone = "UIInterfaceOrientationPortrait UIInterfaceOrientationLandscapeLeft UIInterfaceOrientationLandscapeRight";
				LD_RUNPATH_SEARCH_PATHS = (
					"$(inherited)",
					"@executable_path/Frameworks",
				);
				MARKETING_VERSION = 1.0;
				PRODUCT_BUNDLE_IDENTIFIER = com.yiwashita.PresentationTimer;
				PRODUCT_NAME = "$(TARGET_NAME)";
				SWIFT_EMIT_LOC_STRINGS = YES;
				SWIFT_VERSION = 5.0;
				TARGETED_DEVICE_FAMILY = "1,2";
			};
			name = Release;
		};
/* End XCBuildConfiguration section */

/* Begin XCConfigurationList section */
		6722B32928BFBFDD002E9B7D /* Build configuration list for PBXProject "PresentationTimer" */ = {
			isa = XCConfigurationList;
			buildConfigurations = (
				6722B33A28BFBFDE002E9B7D /* Debug */,
				6722B33B28BFBFDE002E9B7D /* Release */,
			);
			defaultConfigurationIsVisible = 0;
			defaultConfigurationName = Release;
		};
		6722B33C28BFBFDE002E9B7D /* Build configuration list for PBXNativeTarget "PresentationTimer" */ = {
			isa = XCConfigurationList;
			buildConfigurations = (
				6722B33D28BFBFDE002E9B7D /* Debug */,
				6722B33E28BFBFDE002E9B7D /* Release */,
			);
			defaultConfigurationIsVisible = 0;
			defaultConfigurationName = Release;
		};
/* End XCConfigurationList section */

/* Begin XCRemoteSwiftPackageReference section */
		676B07C32AAD4B0F00186C4D /* XCRemoteSwiftPackageReference "realm-swift.git" */ = {
			isa = XCRemoteSwiftPackageReference;
			repositoryURL = "https://github.com/realm/realm-swift.git";
			requirement = {
				kind = upToNextMajorVersion;
				minimumVersion = 10.40.0;
			};
		};
/* End XCRemoteSwiftPackageReference section */

/* Begin XCSwiftPackageProductDependency section */
		676B07C42AAD4B0F00186C4D /* Realm */ = {
			isa = XCSwiftPackageProductDependency;
			package = 676B07C32AAD4B0F00186C4D /* XCRemoteSwiftPackageReference "realm-swift.git" */;
			productName = Realm;
		};
		676B07C62AAD4B0F00186C4D /* RealmSwift */ = {
			isa = XCSwiftPackageProductDependency;
			package = 676B07C32AAD4B0F00186C4D /* XCRemoteSwiftPackageReference "realm-swift.git" */;
			productName = RealmSwift;
		};
/* End XCSwiftPackageProductDependency section */
	};
	rootObject = 6722B32628BFBFDD002E9B7D /* Project object */;
}
